<?xml version="1.0" encoding="utf-8"?>
<Project ToolsVersion="4.0" xmlns="http://schemas.microsoft.com/developer/msbuild/2003">
  <ItemGroup>
    <Filter Include="Source Files">
      <UniqueIdentifier>{4FC737F1-C7A5-4376-A066-2A32D752A2FF}</UniqueIdentifier>
      <Extensions>cpp;c;cc;cxx;c++;cppm;ixx;def;odl;idl;hpj;bat;asm;asmx</Extensions>
    </Filter>
    <Filter Include="Header Files">
      <UniqueIdentifier>{93995380-89BD-4b04-88EB-625FBE52EBFB}</UniqueIdentifier>
      <Extensions>h;hh;hpp;hxx;h++;hm;inl;inc;ipp;xsd</Extensions>
    </Filter>
    <Filter Include="Resource Files">
      <UniqueIdentifier>{67DA6AB6-F800-4c08-8B7A-83BB121AAD01}</UniqueIdentifier>
      <Extensions>rc;ico;cur;bmp;dlg;rc2;rct;bin;rgs;gif;jpg;jpeg;jpe;resx;tiff;tif;png;wav;mfcribbon-ms</Extensions>
    </Filter>
  </ItemGroup>
  <ItemGroup>
    <ClCompile Include="Main.cpp">
      <Filter>Source Files</Filter>
    </ClCompile>
    <ClCompile Include="glad.c">
      <Filter>Resource Files</Filter>
    </ClCompile>
    <ClCompile Include="Renderer\Renderer.cpp">
      <Filter>Source Files</Filter>
    </ClCompile>
    <ClCompile Include="Terrain\TerrainGenerator.cpp">
      <Filter>Source Files</Filter>
    </ClCompile>
    <ClCompile Include="Renderer\Camera.cpp">
      <Filter>Source Files</Filter>
    </ClCompile>
    <ClCompile Include="Renderer\Mesh.cpp">
      <Filter>Source Files</Filter>
    </ClCompile>
    <ClCompile Include="Renderer\Model.cpp">
      <Filter>Source Files</Filter>
    </ClCompile>
    <ClCompile Include="Renderer\Shader.cpp">
      <Filter>Source Files</Filter>
    </ClCompile>
    <ClCompile Include="Application\Window.cpp">
      <Filter>Source Files</Filter>
    </ClCompile>
    <ClCompile Include="Terrain\NoiseGenerator.cpp">
      <Filter>Source Files</Filter>
    </ClCompile>
    <ClCompile Include="Renderer\Skybox.cpp">
      <Filter>Source Files</Filter>
    </ClCompile>
    <ClCompile Include="Terrain\Terrain.cpp">
      <Filter>Source Files</Filter>
    </ClCompile>
    <ClCompile Include="World\GWorld.cpp">
      <Filter>Source Files</Filter>
    </ClCompile>
    <ClCompile Include="World\GObject.cpp">
      <Filter>Source Files</Filter>
    </ClCompile>
    <ClCompile Include="World\GTree.cpp">
      <Filter>Source Files</Filter>
    </ClCompile>
    <ClCompile Include="Game\Player.cpp">
      <Filter>Source Files</Filter>
    </ClCompile>
    <ClCompile Include="Game\Game.cpp">
      <Filter>Source Files</Filter>
    </ClCompile>
  </ItemGroup>
  <ItemGroup>
    <ClInclude Include="resource.h">
      <Filter>Header Files</Filter>
    </ClInclude>
    <ClInclude Include="Renderer\Renderer.h">
      <Filter>Header Files</Filter>
    </ClInclude>
    <ClInclude Include="Terrain\TerrainGenerator.h">
      <Filter>Header Files</Filter>
    </ClInclude>
    <ClInclude Include="Renderer\Camera.h">
      <Filter>Header Files</Filter>
    </ClInclude>
    <ClInclude Include="Renderer\Mesh.h">
      <Filter>Header Files</Filter>
    </ClInclude>
    <ClInclude Include="Renderer\Model.h">
      <Filter>Header Files</Filter>
    </ClInclude>
    <ClInclude Include="Renderer\Shader.h">
      <Filter>Header Files</Filter>
    </ClInclude>
    <ClInclude Include="Application\Window.h">
      <Filter>Header Files</Filter>
    </ClInclude>
    <ClInclude Include="Terrain\NoiseGenerator.h">
      <Filter>Header Files</Filter>
    </ClInclude>
    <ClInclude Include="Renderer\Skybox.h">
      <Filter>Header Files</Filter>
    </ClInclude>
    <ClInclude Include="Terrain\Terrain.h">
      <Filter>Header Files</Filter>
    </ClInclude>
    <ClInclude Include="World\GWorld.h">
      <Filter>Header Files</Filter>
    </ClInclude>
    <ClInclude Include="World\GObject.h">
      <Filter>Header Files</Filter>
    </ClInclude>
    <ClInclude Include="World\GTree.h">
      <Filter>Header Files</Filter>
    </ClInclude>
    <ClInclude Include="Game\Player.h">
      <Filter>Header Files</Filter>
    </ClInclude>
    <ClInclude Include="Game\Game.h">
      <Filter>Header Files</Filter>
    </ClInclude>
    <ClInclude Include="Types\FWindow.h">
      <Filter>Header Files</Filter>
    </ClInclude>
    <ClInclude Include="Types\ECamera.h">
      <Filter>Header Files</Filter>
    </ClInclude>
    <ClInclude Include="Types\ETexture.h">
      <Filter>Header Files</Filter>
    </ClInclude>
    <ClInclude Include="Types\EShader.h">
      <Filter>Header Files</Filter>
    </ClInclude>
    <ClInclude Include="Types\ESkybox.h">
      <Filter>Header Files</Filter>
    </ClInclude>
  </ItemGroup>
  <ItemGroup>
    <None Include="Resources\Shaders\fragment.frag" />
    <None Include="Resources\Shaders\fragment_light.frag" />
    <None Include="Resources\Shaders\fragment_light_source.frag" />
    <None Include="Resources\Shaders\vertex.vert" />
    <None Include="Resources\Shaders\vertex_light.vert" />
    <None Include="Resources\Shaders\vertex_light_source.vert" />
    <None Include="Resources\Shaders\model_loading.frag" />
    <None Include="Resources\Shaders\model_loading.vert" />
    <None Include="Resources\Shaders\depth_testing.frag" />
    <None Include="Resources\Shaders\depth_testing.vert" />
    <None Include="Resources\Shaders\stencils.frag" />
    <None Include="Resources\Shaders\stencils.vert" />
    <None Include="Resources\Shaders\single_color.frag" />
    <None Include="Resources\Shaders\single_color.vert" />
    <None Include="Resources\Shaders\blending.frag" />
    <None Include="Resources\Shaders\blending.vert" />
    <None Include="Resources\Shaders\backpack_shader.frag" />
    <None Include="Resources\Shaders\backpack_shader.vert" />
    <None Include="Resources\Shaders\framebuffer_shader.frag" />
    <None Include="Resources\Shaders\framebuffer_shader.vert" />
    <None Include="Resources\Shaders\skybox_shader.frag" />
    <None Include="Resources\Shaders\skybox_shader.vert" />
    <None Include="Resources\Shaders\backpack_reflective_shader.frag" />
    <None Include="Resources\Shaders\backpack_reflective_shader.vert" />
    <None Include="Resources\Shaders\backpack_refractive_shader.vert" />
    <None Include="Resources\Shaders\backpack_refractive_shader.frag" />
    <None Include="Resources\Shaders\blue.frag" />
    <None Include="Resources\Shaders\colors.vert" />
    <None Include="Resources\Shaders\green.frag" />
    <None Include="Resources\Shaders\red.frag" />
    <None Include="Resources\Shaders\yellow.frag" />
    <None Include="Resources\Shaders\explode_object.geom" />
    <None Include="Resources\Shaders\backpack_shader_ubo.frag" />
    <None Include="Resources\Shaders\backpack_shader_ubo.vert" />
    <None Include="Resources\Shaders\backpack_with_normals.frag" />
    <None Include="Resources\Shaders\backpack_with_normals.geom" />
    <None Include="Resources\Shaders\backpack_with_normals.vert" />
    <None Include="Resources\Shaders\instanced_quads.vert" />
    <None Include="Resources\Shaders\instanced_quads.frag" />
    <None Include="Resources\Shaders\.old\asteroid.frag" />
    <None Include="Resources\Shaders\.old\asteroid.vert" />
    <None Include="Resources\Shaders\.old\backpack_reflective_shader.frag" />
    <None Include="Resources\Shaders\.old\backpack_reflective_shader.vert" />
    <None Include="Resources\Shaders\.old\backpack_refractive_shader.frag" />
    <None Include="Resources\Shaders\.old\backpack_refractive_shader.vert" />
    <None Include="Resources\Shaders\.old\backpack_shader.frag" />
    <None Include="Resources\Shaders\.old\backpack_shader.vert" />
    <None Include="Resources\Shaders\.old\backpack_shader_ubo.frag" />
    <None Include="Resources\Shaders\.old\backpack_shader_ubo.vert" />
    <None Include="Resources\Shaders\.old\backpack_with_normals.frag" />
    <None Include="Resources\Shaders\.old\backpack_with_normals.geom" />
    <None Include="Resources\Shaders\.old\backpack_with_normals.vert" />
    <None Include="Resources\Shaders\.old\blending.frag" />
    <None Include="Resources\Shaders\.old\blending.vert" />
    <None Include="Resources\Shaders\.old\blue.frag" />
    <None Include="Resources\Shaders\.old\colors.vert" />
    <None Include="Resources\Shaders\.old\depth_testing.frag" />
    <None Include="Resources\Shaders\.old\depth_testing.vert" />
    <None Include="Resources\Shaders\.old\explode_object.geom" />
    <None Include="Resources\Shaders\.old\fragment.frag" />
    <None Include="Resources\Shaders\.old\fragment_light.frag" />
    <None Include="Resources\Shaders\.old\fragment_light_source.frag" />
    <None Include="Resources\Shaders\.old\framebuffer_shader.frag" />
    <None Include="Resources\Shaders\.old\framebuffer_shader.vert" />
    <None Include="Resources\Shaders\.old\green.frag" />
    <None Include="Resources\Shaders\.old\instanced_quads.frag" />
    <None Include="Resources\Shaders\.old\instanced_quads.vert" />
    <None Include="Resources\Shaders\.old\light_ubo.frag" />
    <None Include="Resources\Shaders\.old\light_ubo.vert" />
    <None Include="Resources\Shaders\.old\mars.frag" />
    <None Include="Resources\Shaders\.old\mars.vert" />
    <None Include="Resources\Shaders\.old\model_loading.frag" />
    <None Include="Resources\Shaders\.old\model_loading.vert" />
    <None Include="Resources\Shaders\.old\red.frag" />
    <None Include="Resources\Shaders\.old\single_color.frag" />
    <None Include="Resources\Shaders\.old\single_color.vert" />
    <None Include="Resources\Shaders\.old\skybox_shader.frag" />
    <None Include="Resources\Shaders\.old\skybox_shader.vert" />
    <None Include="Resources\Shaders\.old\stencils.frag" />
    <None Include="Resources\Shaders\.old\stencils.vert" />
    <None Include="Resources\Shaders\.old\vertex.vert" />
    <None Include="Resources\Shaders\.old\vertex_light.vert" />
    <None Include="Resources\Shaders\.old\vertex_light_source.vert" />
    <None Include="Resources\Shaders\.old\yellow.frag" />
    <None Include="Resources\Shaders\Skybox\fantasySkybox.frag" />
    <None Include="Resources\Shaders\Skybox\fantasySkybox.vert" />
    <None Include="Resources\Shaders\Terrain\lowPolyTerrain.frag" />
    <None Include="Resources\Shaders\Terrain\lowPolyTerrain.vert" />
    <None Include="Resources\Shaders\Model\lowPolyWoodland.frag" />
    <None Include="Resources\Shaders\Model\lowPolyWoodland.vert" />
    <None Include="Resources\Shaders\Terrain\terrainNormals.frag" />
    <None Include="Resources\Shaders\Terrain\terrainNormals.geom" />
    <None Include="Resources\Shaders\Terrain\terrainNormals.vert" />
    <None Include="ClassDiagram.cd" />
  </ItemGroup>
  <ItemGroup>
    <Image Include="Resources\Textures\awesomeface.png">
      <Filter>Resource Files</Filter>
    </Image>
    <Image Include="Resources\Textures\container2.png">
      <Filter>Resource Files</Filter>
    </Image>
    <Image Include="Resources\Textures\container2_specular.png">
      <Filter>Resource Files</Filter>
    </Image>
    <Image Include="Resources\Textures\crazycat.jpg">
      <Filter>Resource Files</Filter>
    </Image>
    <Image Include="Resources\Textures\wall.jpg">
      <Filter>Resource Files</Filter>
    </Image>
    <Image Include="Resources\Textures\wooden-container.jpg">
      <Filter>Resource Files</Filter>
    </Image>
    <Image Include="Resources\Skyboxes\City\back.jpg">
      <Filter>Resource Files</Filter>
    </Image>
    <Image Include="Resources\Skyboxes\City\bottom.jpg">
      <Filter>Resource Files</Filter>
    </Image>
    <Image Include="Resources\Skyboxes\City\front.jpg">
      <Filter>Resource Files</Filter>
    </Image>
    <Image Include="Resources\Skyboxes\City\left.jpg">
      <Filter>Resource Files</Filter>
    </Image>
    <Image Include="Resources\Skyboxes\City\right.jpg">
      <Filter>Resource Files</Filter>
    </Image>
    <Image Include="Resources\Skyboxes\City\top.jpg">
      <Filter>Resource Files</Filter>
    </Image>
    <Image Include="Resources\Skyboxes\Fantasy_01\back.png">
      <Filter>Resource Files</Filter>
    </Image>
    <Image Include="Resources\Skyboxes\Fantasy_01\bottom.png">
      <Filter>Resource Files</Filter>
    </Image>
    <Image Include="Resources\Skyboxes\Fantasy_01\front.png">
      <Filter>Resource Files</Filter>
    </Image>
    <Image Include="Resources\Skyboxes\Fantasy_01\left.png">
      <Filter>Resource Files</Filter>
    </Image>
    <Image Include="Resources\Skyboxes\Fantasy_01\right.png">
      <Filter>Resource Files</Filter>
    </Image>
    <Image Include="Resources\Skyboxes\Fantasy_01\top.png">
      <Filter>Resource Files</Filter>
    </Image>
    <Image Include="Resources\Skyboxes\Fantasy_01_Sunless\back.png">
      <Filter>Resource Files</Filter>
    </Image>
    <Image Include="Resources\Skyboxes\Fantasy_01_Sunless\bottom.png">
      <Filter>Resource Files</Filter>
    </Image>
    <Image Include="Resources\Skyboxes\Fantasy_01_Sunless\front.png">
      <Filter>Resource Files</Filter>
    </Image>
    <Image Include="Resources\Skyboxes\Fantasy_01_Sunless\left.png">
      <Filter>Resource Files</Filter>
    </Image>
    <Image Include="Resources\Skyboxes\Fantasy_01_Sunless\right.png">
      <Filter>Resource Files</Filter>
    </Image>
    <Image Include="Resources\Skyboxes\Fantasy_01_Sunless\top.png">
      <Filter>Resource Files</Filter>
    </Image>
    <Image Include="Resources\Skyboxes\Sea\back.jpg">
      <Filter>Resource Files</Filter>
    </Image>
    <Image Include="Resources\Skyboxes\Sea\bottom.jpg">
      <Filter>Resource Files</Filter>
    </Image>
    <Image Include="Resources\Skyboxes\Sea\front.jpg">
      <Filter>Resource Files</Filter>
    </Image>
    <Image Include="Resources\Skyboxes\Sea\left.jpg">
      <Filter>Resource Files</Filter>
    </Image>
    <Image Include="Resources\Skyboxes\Sea\right.jpg">
      <Filter>Resource Files</Filter>
    </Image>
    <Image Include="Resources\Skyboxes\Sea\top.jpg">
      <Filter>Resource Files</Filter>
    </Image>
    <Image Include="Resources\Skyboxes\Space\back.png">
      <Filter>Resource Files</Filter>
    </Image>
    <Image Include="Resources\Skyboxes\Space\bottom.png">
      <Filter>Resource Files</Filter>
    </Image>
    <Image Include="Resources\Skyboxes\Space\front.png">
      <Filter>Resource Files</Filter>
    </Image>
    <Image Include="Resources\Skyboxes\Space\left.png">
      <Filter>Resource Files</Filter>
    </Image>
    <Image Include="Resources\Skyboxes\Space\right.png">
      <Filter>Resource Files</Filter>
    </Image>
    <Image Include="Resources\Skyboxes\Space\top.png">
      <Filter>Resource Files</Filter>
    </Image>
  </ItemGroup>
  <ItemGroup>
    <Text Include="Resources\Colors\colors.txt" />
  </ItemGroup>
</Project>